
Microsoft Visual Studio Solution File, Format Version 12.00
# Visual Studio Version 17
VisualStudioVersion = 17.9.34622.214
MinimumVisualStudioVersion = 10.0.40219.1
Project("{FAE04EC0-301F-11D3-BF4B-00C04F79EFBC}") = "codeFirstApproach", "codeFirstApproach\codeFirstApproach.csproj", "{2968B752-7899-4B1A-B34F-39EDC36F5632}"
EndProject
Global
	GlobalSection(SolutionConfigurationPlatforms) = preSolution
		Debug|Any CPU = Debug|Any CPU
		Release|Any CPU = Release|Any CPU
	EndGlobalSection
	GlobalSection(ProjectConfigurationPlatforms) = postSolution
		{2968B752-7899-4B1A-B34F-39EDC36F5632}.Debug|Any CPU.ActiveCfg = Debug|Any CPU
		{2968B752-7899-4B1A-B34F-39EDC36F5632}.Debug|Any CPU.Build.0 = Debug|Any CPU
		{2968B752-7899-4B1A-B34F-39EDC36F5632}.Release|Any CPU.ActiveCfg = Release|Any CPU
		{2968B752-7899-4B1A-B34F-39EDC36F5632}.Release|Any CPU.Build.0 = Release|Any CPU
	EndGlobalSection
	GlobalSection(SolutionProperties) = preSolution
		HideSolutionNode = FALSE
	EndGlobalSection
	GlobalSection(ExtensibilityGlobals) = postSolution
		SolutionGuid = {A33184A4-A719-4A58-8259-B0AA758B0443}
	EndGlobalSection
EndGlobal
